
Microsoft Visual Studio Solution File, Format Version 12.00
# Visual Studio Version 16
VisualStudioVersion = 16.0.28407.52
MinimumVisualStudioVersion = 10.0.40219.1
Project("{9A19103F-16F7-4668-BE54-9A1E7A4F7556}") = "AlexaSkills", "AlexaSkills\AlexaSkills.csproj", "{DC8ED1FA-957A-4352-B588-35082B622C10}"
EndProject
Project("{9A19103F-16F7-4668-BE54-9A1E7A4F7556}") = "OneDriveSkill", "OneDriveSkill\OneDriveSkill.csproj", "{2E45C33E-B072-413E-83D4-5B6A5FC7F558}"
EndProject
Global
	GlobalSection(SolutionConfigurationPlatforms) = preSolution
		Debug|Any CPU = Debug|Any CPU
		Release|Any CPU = Release|Any CPU
	EndGlobalSection
	GlobalSection(ProjectConfigurationPlatforms) = postSolution
		{DC8ED1FA-957A-4352-B588-35082B622C10}.Debug|Any CPU.ActiveCfg = Debug|Any CPU
		{DC8ED1FA-957A-4352-B588-35082B622C10}.Debug|Any CPU.Build.0 = Debug|Any CPU
		{DC8ED1FA-957A-4352-B588-35082B622C10}.Release|Any CPU.ActiveCfg = Release|Any CPU
		{DC8ED1FA-957A-4352-B588-35082B622C10}.Release|Any CPU.Build.0 = Release|Any CPU
		{2E45C33E-B072-413E-83D4-5B6A5FC7F558}.Debug|Any CPU.ActiveCfg = Debug|Any CPU
		{2E45C33E-B072-413E-83D4-5B6A5FC7F558}.Debug|Any CPU.Build.0 = Debug|Any CPU
		{2E45C33E-B072-413E-83D4-5B6A5FC7F558}.Release|Any CPU.ActiveCfg = Release|Any CPU
		{2E45C33E-B072-413E-83D4-5B6A5FC7F558}.Release|Any CPU.Build.0 = Release|Any CPU
	EndGlobalSection
	GlobalSection(SolutionProperties) = preSolution
		HideSolutionNode = FALSE
	EndGlobalSection
	GlobalSection(ExtensibilityGlobals) = postSolution
		SolutionGuid = {8EB2DDB8-2BC1-4234-B378-810493B238F7}
	EndGlobalSection
EndGlobal
